
Microsoft Visual Studio Solution File, Format Version 12.00
# Visual Studio 15
VisualStudioVersion = 15.0.28307.1259
MinimumVisualStudioVersion = 10.0.40219.1
Project("{FAE04EC0-301F-11D3-BF4B-00C04F79EFBC}") = "HF15_Events", "HF15_Events\HF15_Events.csproj", "{05888824-06C1-4A11-B5F6-82E89DD50CDE}"
EndProject
Global
	GlobalSection(SolutionConfigurationPlatforms) = preSolution
		Debug|Any CPU = Debug|Any CPU
		Release|Any CPU = Release|Any CPU
	EndGlobalSection
	GlobalSection(ProjectConfigurationPlatforms) = postSolution
		{05888824-06C1-4A11-B5F6-82E89DD50CDE}.Debug|Any CPU.ActiveCfg = Debug|Any CPU
		{05888824-06C1-4A11-B5F6-82E89DD50CDE}.Debug|Any CPU.Build.0 = Debug|Any CPU
		{05888824-06C1-4A11-B5F6-82E89DD50CDE}.Release|Any CPU.ActiveCfg = Release|Any CPU
		{05888824-06C1-4A11-B5F6-82E89DD50CDE}.Release|Any CPU.Build.0 = Release|Any CPU
	EndGlobalSection
	GlobalSection(SolutionProperties) = preSolution
		HideSolutionNode = FALSE
	EndGlobalSection
	GlobalSection(ExtensibilityGlobals) = postSolution
		SolutionGuid = {375EB311-4D9B-4A53-A7AC-F9521B34D83E}
	EndGlobalSection
EndGlobal
