
Microsoft Visual Studio Solution File, Format Version 12.00
# Visual Studio 15
VisualStudioVersion = 15.0.28307.1259
MinimumVisualStudioVersion = 10.0.40219.1
Project("{FAE04EC0-301F-11D3-BF4B-00C04F79EFBC}") = "HF12_Finalizer", "HF12_Finalizer\HF12_Finalizer.csproj", "{0430725E-DD6B-4938-8BF9-793BE7B1ED79}"
EndProject
Global
	GlobalSection(SolutionConfigurationPlatforms) = preSolution
		Debug|Any CPU = Debug|Any CPU
		Release|Any CPU = Release|Any CPU
	EndGlobalSection
	GlobalSection(ProjectConfigurationPlatforms) = postSolution
		{0430725E-DD6B-4938-8BF9-793BE7B1ED79}.Debug|Any CPU.ActiveCfg = Debug|Any CPU
		{0430725E-DD6B-4938-8BF9-793BE7B1ED79}.Debug|Any CPU.Build.0 = Debug|Any CPU
		{0430725E-DD6B-4938-8BF9-793BE7B1ED79}.Release|Any CPU.ActiveCfg = Release|Any CPU
		{0430725E-DD6B-4938-8BF9-793BE7B1ED79}.Release|Any CPU.Build.0 = Release|Any CPU
	EndGlobalSection
	GlobalSection(SolutionProperties) = preSolution
		HideSolutionNode = FALSE
	EndGlobalSection
	GlobalSection(ExtensibilityGlobals) = postSolution
		SolutionGuid = {34C79DC1-B2ED-4D34-A9FA-029873711373}
	EndGlobalSection
EndGlobal
