
Microsoft Visual Studio Solution File, Format Version 12.00
# Visual Studio 15
VisualStudioVersion = 15.0.28307.1259
MinimumVisualStudioVersion = 10.0.40219.1
Project("{FAE04EC0-301F-11D3-BF4B-00C04F79EFBC}") = "SaveTheHumans", "SaveTheHumans\SaveTheHumans.csproj", "{BC199D56-88BE-46D1-8D83-6489B15AA697}"
EndProject
Global
	GlobalSection(SolutionConfigurationPlatforms) = preSolution
		Debug|Any CPU = Debug|Any CPU
		Release|Any CPU = Release|Any CPU
	EndGlobalSection
	GlobalSection(ProjectConfigurationPlatforms) = postSolution
		{BC199D56-88BE-46D1-8D83-6489B15AA697}.Debug|Any CPU.ActiveCfg = Debug|Any CPU
		{BC199D56-88BE-46D1-8D83-6489B15AA697}.Debug|Any CPU.Build.0 = Debug|Any CPU
		{BC199D56-88BE-46D1-8D83-6489B15AA697}.Release|Any CPU.ActiveCfg = Release|Any CPU
		{BC199D56-88BE-46D1-8D83-6489B15AA697}.Release|Any CPU.Build.0 = Release|Any CPU
	EndGlobalSection
	GlobalSection(SolutionProperties) = preSolution
		HideSolutionNode = FALSE
	EndGlobalSection
	GlobalSection(ExtensibilityGlobals) = postSolution
		SolutionGuid = {0BA75598-1487-4DDB-B403-5A3096B7FDC9}
	EndGlobalSection
EndGlobal
