
Microsoft Visual Studio Solution File, Format Version 12.00
# Visual Studio 15
VisualStudioVersion = 15.0.28307.1259
MinimumVisualStudioVersion = 10.0.40219.1
Project("{FAE04EC0-301F-11D3-BF4B-00C04F79EFBC}") = "HF14_Group", "HF14_Group\HF14_Group.csproj", "{8A8ED505-0736-4845-88F7-980DFC228FE8}"
EndProject
Global
	GlobalSection(SolutionConfigurationPlatforms) = preSolution
		Debug|Any CPU = Debug|Any CPU
		Release|Any CPU = Release|Any CPU
	EndGlobalSection
	GlobalSection(ProjectConfigurationPlatforms) = postSolution
		{8A8ED505-0736-4845-88F7-980DFC228FE8}.Debug|Any CPU.ActiveCfg = Debug|Any CPU
		{8A8ED505-0736-4845-88F7-980DFC228FE8}.Debug|Any CPU.Build.0 = Debug|Any CPU
		{8A8ED505-0736-4845-88F7-980DFC228FE8}.Release|Any CPU.ActiveCfg = Release|Any CPU
		{8A8ED505-0736-4845-88F7-980DFC228FE8}.Release|Any CPU.Build.0 = Release|Any CPU
	EndGlobalSection
	GlobalSection(SolutionProperties) = preSolution
		HideSolutionNode = FALSE
	EndGlobalSection
	GlobalSection(ExtensibilityGlobals) = postSolution
		SolutionGuid = {3BD48E3B-9DB3-4911-83D3-D4CB4DDB44D3}
	EndGlobalSection
EndGlobal
