
Microsoft Visual Studio Solution File, Format Version 12.00
# Visual Studio 15
VisualStudioVersion = 15.0.28307.1259
MinimumVisualStudioVersion = 10.0.40219.1
Project("{FAE04EC0-301F-11D3-BF4B-00C04F79EFBC}") = "HF07_TallGuy", "HF07_TallGuy\HF07_TallGuy.csproj", "{F18A0CEC-874E-44C3-909C-65567F62D86F}"
EndProject
Global
	GlobalSection(SolutionConfigurationPlatforms) = preSolution
		Debug|Any CPU = Debug|Any CPU
		Release|Any CPU = Release|Any CPU
	EndGlobalSection
	GlobalSection(ProjectConfigurationPlatforms) = postSolution
		{F18A0CEC-874E-44C3-909C-65567F62D86F}.Debug|Any CPU.ActiveCfg = Debug|Any CPU
		{F18A0CEC-874E-44C3-909C-65567F62D86F}.Debug|Any CPU.Build.0 = Debug|Any CPU
		{F18A0CEC-874E-44C3-909C-65567F62D86F}.Release|Any CPU.ActiveCfg = Release|Any CPU
		{F18A0CEC-874E-44C3-909C-65567F62D86F}.Release|Any CPU.Build.0 = Release|Any CPU
	EndGlobalSection
	GlobalSection(SolutionProperties) = preSolution
		HideSolutionNode = FALSE
	EndGlobalSection
	GlobalSection(ExtensibilityGlobals) = postSolution
		SolutionGuid = {3C7F4743-8B57-47D4-85DB-B02628C8BAE5}
	EndGlobalSection
EndGlobal
