
Microsoft Visual Studio Solution File, Format Version 12.00
# Visual Studio 15
VisualStudioVersion = 15.0.28307.1259
MinimumVisualStudioVersion = 10.0.40219.1
Project("{FAE04EC0-301F-11D3-BF4B-00C04F79EFBC}") = "HF08_Birds", "HF08_Birds\HF08_Birds.csproj", "{7A734F4E-D14E-44D0-9F49-BF284F5714D8}"
EndProject
Global
	GlobalSection(SolutionConfigurationPlatforms) = preSolution
		Debug|Any CPU = Debug|Any CPU
		Release|Any CPU = Release|Any CPU
	EndGlobalSection
	GlobalSection(ProjectConfigurationPlatforms) = postSolution
		{7A734F4E-D14E-44D0-9F49-BF284F5714D8}.Debug|Any CPU.ActiveCfg = Debug|Any CPU
		{7A734F4E-D14E-44D0-9F49-BF284F5714D8}.Debug|Any CPU.Build.0 = Debug|Any CPU
		{7A734F4E-D14E-44D0-9F49-BF284F5714D8}.Release|Any CPU.ActiveCfg = Release|Any CPU
		{7A734F4E-D14E-44D0-9F49-BF284F5714D8}.Release|Any CPU.Build.0 = Release|Any CPU
	EndGlobalSection
	GlobalSection(SolutionProperties) = preSolution
		HideSolutionNode = FALSE
	EndGlobalSection
	GlobalSection(ExtensibilityGlobals) = postSolution
		SolutionGuid = {F5CB23BC-9C3E-4985-BE24-8809A6937C7F}
	EndGlobalSection
EndGlobal
