
Microsoft Visual Studio Solution File, Format Version 12.00
# Visual Studio 15
VisualStudioVersion = 15.0.28307.1259
MinimumVisualStudioVersion = 10.0.40219.1
Project("{FAE04EC0-301F-11D3-BF4B-00C04F79EFBC}") = "HF02_PracticeUsingIfElse", "HF02_PracticeUsingIfElse\HF02_PracticeUsingIfElse.csproj", "{C2F01EA6-3463-4535-909E-B4A1CF05758A}"
EndProject
Global
	GlobalSection(SolutionConfigurationPlatforms) = preSolution
		Debug|Any CPU = Debug|Any CPU
		Release|Any CPU = Release|Any CPU
	EndGlobalSection
	GlobalSection(ProjectConfigurationPlatforms) = postSolution
		{C2F01EA6-3463-4535-909E-B4A1CF05758A}.Debug|Any CPU.ActiveCfg = Debug|Any CPU
		{C2F01EA6-3463-4535-909E-B4A1CF05758A}.Debug|Any CPU.Build.0 = Debug|Any CPU
		{C2F01EA6-3463-4535-909E-B4A1CF05758A}.Release|Any CPU.ActiveCfg = Release|Any CPU
		{C2F01EA6-3463-4535-909E-B4A1CF05758A}.Release|Any CPU.Build.0 = Release|Any CPU
	EndGlobalSection
	GlobalSection(SolutionProperties) = preSolution
		HideSolutionNode = FALSE
	EndGlobalSection
	GlobalSection(ExtensibilityGlobals) = postSolution
		SolutionGuid = {A8EAEBCD-3BFB-4740-ADA8-716DE4C77A6E}
	EndGlobalSection
EndGlobal
