
Microsoft Visual Studio Solution File, Format Version 12.00
# Visual Studio 15
VisualStudioVersion = 15.0.28307.1259
MinimumVisualStudioVersion = 10.0.40219.1
Project("{FAE04EC0-301F-11D3-BF4B-00C04F79EFBC}") = "HF02_WorkingWithVariables", "HF02_WorkingWithVariables\HF02_WorkingWithVariables.csproj", "{D8589E2D-2621-47F0-B935-20B930B684EA}"
EndProject
Global
	GlobalSection(SolutionConfigurationPlatforms) = preSolution
		Debug|Any CPU = Debug|Any CPU
		Release|Any CPU = Release|Any CPU
	EndGlobalSection
	GlobalSection(ProjectConfigurationPlatforms) = postSolution
		{D8589E2D-2621-47F0-B935-20B930B684EA}.Debug|Any CPU.ActiveCfg = Debug|Any CPU
		{D8589E2D-2621-47F0-B935-20B930B684EA}.Debug|Any CPU.Build.0 = Debug|Any CPU
		{D8589E2D-2621-47F0-B935-20B930B684EA}.Release|Any CPU.ActiveCfg = Release|Any CPU
		{D8589E2D-2621-47F0-B935-20B930B684EA}.Release|Any CPU.Build.0 = Release|Any CPU
	EndGlobalSection
	GlobalSection(SolutionProperties) = preSolution
		HideSolutionNode = FALSE
	EndGlobalSection
	GlobalSection(ExtensibilityGlobals) = postSolution
		SolutionGuid = {B4BCD0C1-7319-4DA2-8A58-EE14F915E418}
	EndGlobalSection
EndGlobal
